
Microsoft Visual Studio Solution File, Format Version 12.00
# Visual Studio Version 17
VisualStudioVersion = 17.8.34408.163
MinimumVisualStudioVersion = 10.0.40219.1
Project("{9A19103F-16F7-4668-BE54-9A1E7A4F7556}") = "Hwj.Aow.Utils.RedisHelper", "Utils\Hwj.Aow.Utils.RedisHelper\Hwj.Aow.Utils.RedisHelper.csproj", "{DED8D0B4-C20D-4499-B4D6-FDB4073E41F9}"
EndProject
Project("{2150E333-8FDC-42A3-9474-1A3956D46DE8}") = "Utils", "Utils", "{CE75D3C7-E5A0-4640-93F5-A89EA5AFB09F}"
EndProject
Project("{9A19103F-16F7-4668-BE54-9A1E7A4F7556}") = "Hwj.Aow.Utils.CommonHelper", "Utils\Hwj.Aow.Utils.CommonHelper\Hwj.Aow.Utils.CommonHelper.csproj", "{DEE8C31A-2851-48FD-A0D2-F324CC9B1CB4}"
EndProject
Project("{2150E333-8FDC-42A3-9474-1A3956D46DE8}") = "Extensions", "Extensions", "{D355061C-4051-4D8F-979C-4AF2929A1A82}"
EndProject
Project("{9A19103F-16F7-4668-BE54-9A1E7A4F7556}") = "Hwj.Aow.Infra.Repository.Extension", "Extensions\Hwj.Aow.Infra.Repository.Extension\Hwj.Aow.Infra.Repository.Extension.csproj", "{1B834C0A-C683-412E-A8C7-4E9CE61ECD42}"
EndProject
Global
	GlobalSection(SolutionConfigurationPlatforms) = preSolution
		Debug|Any CPU = Debug|Any CPU
		Release|Any CPU = Release|Any CPU
	EndGlobalSection
	GlobalSection(ProjectConfigurationPlatforms) = postSolution
		{DED8D0B4-C20D-4499-B4D6-FDB4073E41F9}.Debug|Any CPU.ActiveCfg = Debug|Any CPU
		{DED8D0B4-C20D-4499-B4D6-FDB4073E41F9}.Debug|Any CPU.Build.0 = Debug|Any CPU
		{DED8D0B4-C20D-4499-B4D6-FDB4073E41F9}.Release|Any CPU.ActiveCfg = Release|Any CPU
		{DED8D0B4-C20D-4499-B4D6-FDB4073E41F9}.Release|Any CPU.Build.0 = Release|Any CPU
		{DEE8C31A-2851-48FD-A0D2-F324CC9B1CB4}.Debug|Any CPU.ActiveCfg = Debug|Any CPU
		{DEE8C31A-2851-48FD-A0D2-F324CC9B1CB4}.Debug|Any CPU.Build.0 = Debug|Any CPU
		{DEE8C31A-2851-48FD-A0D2-F324CC9B1CB4}.Release|Any CPU.ActiveCfg = Release|Any CPU
		{DEE8C31A-2851-48FD-A0D2-F324CC9B1CB4}.Release|Any CPU.Build.0 = Release|Any CPU
		{1B834C0A-C683-412E-A8C7-4E9CE61ECD42}.Debug|Any CPU.ActiveCfg = Debug|Any CPU
		{1B834C0A-C683-412E-A8C7-4E9CE61ECD42}.Debug|Any CPU.Build.0 = Debug|Any CPU
		{1B834C0A-C683-412E-A8C7-4E9CE61ECD42}.Release|Any CPU.ActiveCfg = Release|Any CPU
		{1B834C0A-C683-412E-A8C7-4E9CE61ECD42}.Release|Any CPU.Build.0 = Release|Any CPU
	EndGlobalSection
	GlobalSection(SolutionProperties) = preSolution
		HideSolutionNode = FALSE
	EndGlobalSection
	GlobalSection(NestedProjects) = preSolution
		{DED8D0B4-C20D-4499-B4D6-FDB4073E41F9} = {CE75D3C7-E5A0-4640-93F5-A89EA5AFB09F}
		{DEE8C31A-2851-48FD-A0D2-F324CC9B1CB4} = {CE75D3C7-E5A0-4640-93F5-A89EA5AFB09F}
		{1B834C0A-C683-412E-A8C7-4E9CE61ECD42} = {D355061C-4051-4D8F-979C-4AF2929A1A82}
	EndGlobalSection
	GlobalSection(ExtensibilityGlobals) = postSolution
		SolutionGuid = {B8AA282D-D51D-4C84-B02F-6EC2B45E555A}
	EndGlobalSection
EndGlobal
